{
  "name": "beet-esm",
  "version": "0.14.0",
  "lockfileVersion": 2,
  "requires": true,
  "packages": {
    "": {
      "name": "beet-esm",
      "version": "0.14.0",
      "license": "MIT",
      "dependencies": {
        "@noble/ed25519": "^1.5.3",
        "crypto-js": "^4.1.1",
        "otpauth": "^7.0.10",
        "uuid": "^8.3.2"
      },
      "devDependencies": {}
    },
    "git+/github.com/BTS-CM/beet-js.git": {
      "extraneous": true
    },
    "node_modules/@noble/ed25519": {
      "version": "1.5.3",
      "funding": [
        {
          "type": "individual",
          "url": "https://paulmillr.com/funding/"
        }
      ],
      "license": "MIT"
    },
    "node_modules/crypto-js": {
      "version": "4.1.1",
      "license": "MIT"
    },
    "node_modules/jssha": {
      "version": "3.2.0",
      "license": "BSD-3-Clause",
      "engines": {
        "node": "*"
      }
    },
    "node_modules/otpauth": {
      "version": "7.0.10",
      "license": "MIT",
      "dependencies": {
        "jssha": "~3.2.0"
      }
    },
    "node_modules/uuid": {
      "version": "8.3.2",
      "license": "MIT",
      "bin": {
        "uuid": "dist/bin/uuid"
      }
    }
  },
  "dependencies": {
    "@noble/ed25519": {
      "version": "1.5.3"
    },
    "crypto-js": {
      "version": "4.1.1"
    },
    "jssha": {
      "version": "3.2.0"
    },
    "otpauth": {
      "version": "7.0.10",
      "requires": {
        "jssha": "~3.2.0"
      }
    },
    "uuid": {
      "version": "8.3.2"
    }
  }
}
