{
  "name": "beet-esm",
  "version": "0.14.0",
  "lockfileVersion": 2,
  "requires": true,
  "packages": {
    "": {
      "name": "beet-esm",
      "version": "0.14.0",
      "license": "MIT",
      "dependencies": {
        "@d-fischer/isomorphic-ws": "^7.0.0",
        "@noble/ed25519": "^1.5.3",
        "crypto-js": "^4.1.1",
        "isomorphic-ws": "^4.0.1",
        "otpauth": "^7.0.10",
        "uuid": "^8.3.2"
      },
      "devDependencies": {}
    },
    "node_modules/@d-fischer/isomorphic-ws": {
      "version": "7.0.0",
      "resolved": "https://registry.npmjs.org/@d-fischer/isomorphic-ws/-/isomorphic-ws-7.0.0.tgz",
      "integrity": "sha512-bydCy1tKvPKvyF0KeDvN1aiAZA4CzQVa2gHifNQczW9Czl89vZ4QHnJMjUcTboWKecbnz5mGiM9PjKA1Xx2Dyg==",
      "license": "MIT",
      "peerDependencies": {
        "ws": "^8.2.0"
      }
    },
    "node_modules/@noble/ed25519": {
      "version": "1.6.0",
      "resolved": "https://registry.npmjs.org/@noble/ed25519/-/ed25519-1.6.0.tgz",
      "integrity": "sha512-UKju89WV37IUALIMfKhKW3psO8AqmrE/GvH6QbPKjzolQ98zM7WmGUeY+xdIgSf5tqPFf75ZCYMgym6E9Jsw3Q==",
      "funding": [
        {
          "type": "individual",
          "url": "https://paulmillr.com/funding/"
        }
      ],
      "license": "MIT"
    },
    "node_modules/crypto-js": {
      "version": "4.1.1",
      "resolved": "https://registry.npmjs.org/crypto-js/-/crypto-js-4.1.1.tgz",
      "integrity": "sha512-o2JlM7ydqd3Qk9CA0L4NL6mTzU2sdx96a+oOfPu8Mkl/PK51vSyoi8/rQ8NknZtk44vq15lmhAj9CIAGwgeWKw==",
      "license": "MIT"
    },
    "node_modules/isomorphic-ws": {
      "version": "4.0.1",
      "resolved": "https://registry.npmjs.org/isomorphic-ws/-/isomorphic-ws-4.0.1.tgz",
      "integrity": "sha512-BhBvN2MBpWTaSHdWRb/bwdZJ1WaehQ2L1KngkCkfLUGF0mAWAT1sQUQacEmQ0jXkFw/czDXPNQSL5u2/Krsz1w==",
      "license": "MIT",
      "peerDependencies": {
        "ws": "*"
      }
    },
    "node_modules/jssha": {
      "version": "3.2.0",
      "resolved": "https://registry.npmjs.org/jssha/-/jssha-3.2.0.tgz",
      "integrity": "sha512-QuruyBENDWdN4tZwJbQq7/eAK85FqrI4oDbXjy5IBhYD+2pTJyBUWZe8ctWaCkrV0gy6AaelgOZZBMeswEa/6Q==",
      "license": "BSD-3-Clause",
      "engines": {
        "node": "*"
      }
    },
    "node_modules/otpauth": {
      "version": "7.0.10",
      "resolved": "https://registry.npmjs.org/otpauth/-/otpauth-7.0.10.tgz",
      "integrity": "sha512-I6FBocMGEfRXNsW7DanAQM+OmTZznk2bwS6U28AH9MvZNA6E9+SW+v1jHj4MDkUBRQO/uOpfTJACVMIyJ4hdZw==",
      "license": "MIT",
      "dependencies": {
        "jssha": "~3.2.0"
      }
    },
    "node_modules/uuid": {
      "version": "8.3.2",
      "resolved": "https://registry.npmjs.org/uuid/-/uuid-8.3.2.tgz",
      "integrity": "sha512-+NYs2QeMWy+GWFOEm9xnn6HCDp0l7QBD7ml8zLUmJ+93Q5NF0NocErnwkTkXVFNiX3/fpC6afS8Dhb/gz7R7eg==",
      "license": "MIT",
      "bin": {
        "uuid": "dist/bin/uuid"
      }
    }
  },
  "dependencies": {
    "@d-fischer/isomorphic-ws": {
      "version": "7.0.0",
      "resolved": "https://registry.npmjs.org/@d-fischer/isomorphic-ws/-/isomorphic-ws-7.0.0.tgz",
      "integrity": "sha512-bydCy1tKvPKvyF0KeDvN1aiAZA4CzQVa2gHifNQczW9Czl89vZ4QHnJMjUcTboWKecbnz5mGiM9PjKA1Xx2Dyg==",
      "requires": {}
    },
    "@noble/ed25519": {
      "version": "1.6.0",
      "resolved": "https://registry.npmjs.org/@noble/ed25519/-/ed25519-1.6.0.tgz",
      "integrity": "sha512-UKju89WV37IUALIMfKhKW3psO8AqmrE/GvH6QbPKjzolQ98zM7WmGUeY+xdIgSf5tqPFf75ZCYMgym6E9Jsw3Q=="
    },
    "crypto-js": {
      "version": "4.1.1",
      "resolved": "https://registry.npmjs.org/crypto-js/-/crypto-js-4.1.1.tgz",
      "integrity": "sha512-o2JlM7ydqd3Qk9CA0L4NL6mTzU2sdx96a+oOfPu8Mkl/PK51vSyoi8/rQ8NknZtk44vq15lmhAj9CIAGwgeWKw=="
    },
    "isomorphic-ws": {
      "version": "4.0.1",
      "resolved": "https://registry.npmjs.org/isomorphic-ws/-/isomorphic-ws-4.0.1.tgz",
      "integrity": "sha512-BhBvN2MBpWTaSHdWRb/bwdZJ1WaehQ2L1KngkCkfLUGF0mAWAT1sQUQacEmQ0jXkFw/czDXPNQSL5u2/Krsz1w==",
      "requires": {}
    },
    "jssha": {
      "version": "3.2.0",
      "resolved": "https://registry.npmjs.org/jssha/-/jssha-3.2.0.tgz",
      "integrity": "sha512-QuruyBENDWdN4tZwJbQq7/eAK85FqrI4oDbXjy5IBhYD+2pTJyBUWZe8ctWaCkrV0gy6AaelgOZZBMeswEa/6Q=="
    },
    "otpauth": {
      "version": "7.0.10",
      "resolved": "https://registry.npmjs.org/otpauth/-/otpauth-7.0.10.tgz",
      "integrity": "sha512-I6FBocMGEfRXNsW7DanAQM+OmTZznk2bwS6U28AH9MvZNA6E9+SW+v1jHj4MDkUBRQO/uOpfTJACVMIyJ4hdZw==",
      "requires": {
        "jssha": "~3.2.0"
      }
    },
    "uuid": {
      "version": "8.3.2",
      "resolved": "https://registry.npmjs.org/uuid/-/uuid-8.3.2.tgz",
      "integrity": "sha512-+NYs2QeMWy+GWFOEm9xnn6HCDp0l7QBD7ml8zLUmJ+93Q5NF0NocErnwkTkXVFNiX3/fpC6afS8Dhb/gz7R7eg=="
    }
  }
}
